{
  "name": "section17",
  "version": "1.0.0",
  "lockfileVersion": 2,
  "requires": true,
  "packages": {
    "": {
      "name": "section17",
      "version": "1.0.0",
      "license": "ISC",
      "dependencies": {
        "leaflet": "^1.9.2",
        "lodash-es": "^4.17.21"
      }
    },
    "node_modules/leaflet": {
      "version": "1.9.2",
      "resolved": "https://registry.npmjs.org/leaflet/-/leaflet-1.9.2.tgz",
      "integrity": "sha512-Kc77HQvWO+y9y2oIs3dn5h5sy2kr3j41ewdqCMEUA4N89lgfUUfOBy7wnnHEstDpefiGFObq12FdopGRMx4J7g=="
    },
    "node_modules/lodash-es": {
      "version": "4.17.21",
      "resolved": "https://registry.npmjs.org/lodash-es/-/lodash-es-4.17.21.tgz",
      "integrity": "sha512-mKnC+QJ9pWVzv+C4/U3rRsHapFfHvQFoFB92e52xeyGMcX6/OlIl78je1u8vePzYZSkkogMPJ2yjxxsb89cxyw=="
    }
  },
  "dependencies": {
    "leaflet": {
      "version": "1.9.2",
      "resolved": "https://registry.npmjs.org/leaflet/-/leaflet-1.9.2.tgz",
      "integrity": "sha512-Kc77HQvWO+y9y2oIs3dn5h5sy2kr3j41ewdqCMEUA4N89lgfUUfOBy7wnnHEstDpefiGFObq12FdopGRMx4J7g=="
    },
    "lodash-es": {
      "version": "4.17.21",
      "resolved": "https://registry.npmjs.org/lodash-es/-/lodash-es-4.17.21.tgz",
      "integrity": "sha512-mKnC+QJ9pWVzv+C4/U3rRsHapFfHvQFoFB92e52xeyGMcX6/OlIl78je1u8vePzYZSkkogMPJ2yjxxsb89cxyw=="
    }
  }
}
